
Microsoft Visual Studio Solution File, Format Version 12.00
# Visual Studio Express 2012 for Windows Desktop
Project("{8BC9CEB8-8B4A-11D0-8D11-00A0C91BC942}") = "20180911Hello", "20180911Hello\20180911Hello.vcxproj", "{61E6FA43-6BFB-4F61-A853-A395340AA447}"
EndProject
Project("{8BC9CEB8-8B4A-11D0-8D11-00A0C91BC942}") = "20180911Hello2", "20180911Hello2\20180911Hello2.vcxproj", "{B4155740-3A65-4DEF-A80E-C1273DC95002}"
EndProject
Project("{8BC9CEB8-8B4A-11D0-8D11-00A0C91BC942}") = "20181002변수자료형", "20181002변수자료형\20181002변수자료형.vcxproj", "{18F0123B-B08F-4FDE-9401-AAB9B98BE3FA}"
EndProject
Project("{8BC9CEB8-8B4A-11D0-8D11-00A0C91BC942}") = "20181002변수", "20181002변수\20181002변수.vcxproj", "{2C5EB367-1953-443A-A332-C82BE1A55A9C}"
EndProject
Project("{8BC9CEB8-8B4A-11D0-8D11-00A0C91BC942}") = "HW1-1", "HW1-1\HW1-1.vcxproj", "{9DC3C612-5E09-4040-90F1-08AD3593557E}"
EndProject
Project("{8BC9CEB8-8B4A-11D0-8D11-00A0C91BC942}") = "HW1-2", "HW1-2\HW1-2.vcxproj", "{F85B9FE0-3325-4381-9179-B3F016084B33}"
EndProject
Project("{8BC9CEB8-8B4A-11D0-8D11-00A0C91BC942}") = "HW1-3", "HW1-3\HW1-3.vcxproj", "{82404076-3720-4C4C-B142-21CC9AB71233}"
EndProject
Project("{8BC9CEB8-8B4A-11D0-8D11-00A0C91BC942}") = "HW1-4", "HW1-4\HW1-4.vcxproj", "{1ED9ACA6-80F4-4755-AA9F-4EEFDA583171}"
EndProject
Project("{8BC9CEB8-8B4A-11D0-8D11-00A0C91BC942}") = "HW1-5", "HW1-5\HW1-5.vcxproj", "{5D2A6E23-174A-4775-A7A2-2DF4A20F0728}"
EndProject
Project("{8BC9CEB8-8B4A-11D0-8D11-00A0C91BC942}") = "20181016loop", "20181016loop\20181016loop.vcxproj", "{F46ACAA3-F8D6-4A4A-8A01-EA9515CA0FB0}"
EndProject
Project("{8BC9CEB8-8B4A-11D0-8D11-00A0C91BC942}") = "HW2-6", "HW2-6\HW2-6.vcxproj", "{72D73D84-63AF-4D74-8A20-A780EC11A669}"
EndProject
Project("{8BC9CEB8-8B4A-11D0-8D11-00A0C91BC942}") = "HW2-9", "HW2-9\HW2-9.vcxproj", "{5837D7CF-7C77-4ED1-822C-5663A53A7C8B}"
EndProject
Project("{8BC9CEB8-8B4A-11D0-8D11-00A0C91BC942}") = "HW2-1", "HW2-1\HW2-1.vcxproj", "{3688488A-38C0-4325-B9C3-8AAD74F96E89}"
EndProject
Project("{8BC9CEB8-8B4A-11D0-8D11-00A0C91BC942}") = "HW2-2", "HW2-2\HW2-2.vcxproj", "{E8997B59-6904-4F85-9EBD-45DB7BE3F1AB}"
EndProject
Project("{8BC9CEB8-8B4A-11D0-8D11-00A0C91BC942}") = "HW2-3", "HW2-3\HW2-3.vcxproj", "{973A5B39-CCF0-4EB0-B648-40063B8501F7}"
EndProject
Project("{8BC9CEB8-8B4A-11D0-8D11-00A0C91BC942}") = "HW2-4", "HW2-4\HW2-4.vcxproj", "{7A67E099-314A-4625-B3E2-945BC0E859F4}"
EndProject
Project("{8BC9CEB8-8B4A-11D0-8D11-00A0C91BC942}") = "HW2-5", "HW2-5\HW2-5.vcxproj", "{8025ACA2-B718-42E5-8DF2-EBEF02672FBF}"
EndProject
Project("{8BC9CEB8-8B4A-11D0-8D11-00A0C91BC942}") = "HW2-7", "HW2-7\HW2-7.vcxproj", "{7B50479F-A51A-4E28-9AB7-D0401C722DFF}"
EndProject
Project("{8BC9CEB8-8B4A-11D0-8D11-00A0C91BC942}") = "HW2-8", "HW2-8\HW2-8.vcxproj", "{1FDDED38-9E78-44F6-BEA4-3A37719EF005}"
EndProject
Project("{8BC9CEB8-8B4A-11D0-8D11-00A0C91BC942}") = "HW2-10", "HW2-10\HW2-10.vcxproj", "{843D9088-9A2B-4425-9F42-24844A65F853}"
EndProject
Project("{8BC9CEB8-8B4A-11D0-8D11-00A0C91BC942}") = "HW2-11", "HW2-11\HW2-11.vcxproj", "{7726911B-5E9F-4844-B2B6-FBE4799D9019}"
EndProject
Project("{8BC9CEB8-8B4A-11D0-8D11-00A0C91BC942}") = "HW2-12", "HW2-12\HW2-12.vcxproj", "{269F8745-AECB-400C-B631-8F08DA5A6DB8}"
EndProject
Project("{8BC9CEB8-8B4A-11D0-8D11-00A0C91BC942}") = "HW2-13", "HW2-13\HW2-13.vcxproj", "{090780C4-5480-447B-A753-A06908FB407C}"
EndProject
Project("{8BC9CEB8-8B4A-11D0-8D11-00A0C91BC942}") = "HW2-14", "HW2-14\HW2-14.vcxproj", "{260C143E-1019-4150-82F6-44EDCAFD6CCC}"
EndProject
Project("{8BC9CEB8-8B4A-11D0-8D11-00A0C91BC942}") = "HW2-15", "HW2-15\HW2-15.vcxproj", "{8F8B58D4-DAC3-44B0-8459-8BBC1D0E154A}"
EndProject
Project("{8BC9CEB8-8B4A-11D0-8D11-00A0C91BC942}") = "HW2-16", "HW2-16\HW2-16.vcxproj", "{F1E0FF36-DAAE-44B8-A105-EF2124F2C134}"
EndProject
Project("{8BC9CEB8-8B4A-11D0-8D11-00A0C91BC942}") = "HW2-17", "HW2-17\HW2-17.vcxproj", "{D1E4DD48-BA5F-4844-9B97-806DB14AF1DD}"
EndProject
Project("{8BC9CEB8-8B4A-11D0-8D11-00A0C91BC942}") = "HW2-18", "HW2-18\HW2-18.vcxproj", "{AADCDAE4-9335-40FE-BE50-1D6E0D56FFF3}"
EndProject
Project("{8BC9CEB8-8B4A-11D0-8D11-00A0C91BC942}") = "HW2-19", "HW2-19\HW2-19.vcxproj", "{6F8127FB-531F-486D-8053-8441A2EB7F18}"
EndProject
Project("{8BC9CEB8-8B4A-11D0-8D11-00A0C91BC942}") = "HW2-20", "HW2-20\HW2-20.vcxproj", "{B81634E0-C3BD-43E7-8B1C-D2E1CC676322}"
EndProject
Project("{8BC9CEB8-8B4A-11D0-8D11-00A0C91BC942}") = "HW2-21", "HW2-21\HW2-21.vcxproj", "{A93D2275-8ADB-45EE-83A6-92EB4E1E6E15}"
EndProject
Project("{8BC9CEB8-8B4A-11D0-8D11-00A0C91BC942}") = "HW2-22", "HW2-22\HW2-22.vcxproj", "{740D1ED4-18CB-42CC-A8E1-AA6D35E76E06}"
EndProject
Project("{8BC9CEB8-8B4A-11D0-8D11-00A0C91BC942}") = "HW2-23", "HW2-23\HW2-23.vcxproj", "{03A562E1-6751-45AB-9FCA-68FF4B41713E}"
EndProject
Project("{8BC9CEB8-8B4A-11D0-8D11-00A0C91BC942}") = "HW2-25", "HW2-25\HW2-25.vcxproj", "{D3AC2A4E-FB58-4C6E-95CB-E34CCA0FB7EF}"
EndProject
Project("{8BC9CEB8-8B4A-11D0-8D11-00A0C91BC942}") = "HW2-24", "HW2-24\HW2-24.vcxproj", "{8631D17F-D9AB-44B6-A1E7-4B6DC92FECB3}"
EndProject
Project("{8BC9CEB8-8B4A-11D0-8D11-00A0C91BC942}") = "20181023fuction", "20181023fuction\20181023fuction.vcxproj", "{9F425FEC-D51A-4886-A75E-18BEEC7DD4BF}"
EndProject
Global
	GlobalSection(SolutionConfigurationPlatforms) = preSolution
		Debug|Win32 = Debug|Win32
		Release|Win32 = Release|Win32
	EndGlobalSection
	GlobalSection(ProjectConfigurationPlatforms) = postSolution
		{61E6FA43-6BFB-4F61-A853-A395340AA447}.Debug|Win32.ActiveCfg = Debug|Win32
		{61E6FA43-6BFB-4F61-A853-A395340AA447}.Debug|Win32.Build.0 = Debug|Win32
		{61E6FA43-6BFB-4F61-A853-A395340AA447}.Release|Win32.ActiveCfg = Release|Win32
		{61E6FA43-6BFB-4F61-A853-A395340AA447}.Release|Win32.Build.0 = Release|Win32
		{B4155740-3A65-4DEF-A80E-C1273DC95002}.Debug|Win32.ActiveCfg = Debug|Win32
		{B4155740-3A65-4DEF-A80E-C1273DC95002}.Debug|Win32.Build.0 = Debug|Win32
		{B4155740-3A65-4DEF-A80E-C1273DC95002}.Release|Win32.ActiveCfg = Release|Win32
		{B4155740-3A65-4DEF-A80E-C1273DC95002}.Release|Win32.Build.0 = Release|Win32
		{18F0123B-B08F-4FDE-9401-AAB9B98BE3FA}.Debug|Win32.ActiveCfg = Debug|Win32
		{18F0123B-B08F-4FDE-9401-AAB9B98BE3FA}.Debug|Win32.Build.0 = Debug|Win32
		{18F0123B-B08F-4FDE-9401-AAB9B98BE3FA}.Release|Win32.ActiveCfg = Release|Win32
		{18F0123B-B08F-4FDE-9401-AAB9B98BE3FA}.Release|Win32.Build.0 = Release|Win32
		{2C5EB367-1953-443A-A332-C82BE1A55A9C}.Debug|Win32.ActiveCfg = Debug|Win32
		{2C5EB367-1953-443A-A332-C82BE1A55A9C}.Debug|Win32.Build.0 = Debug|Win32
		{2C5EB367-1953-443A-A332-C82BE1A55A9C}.Release|Win32.ActiveCfg = Release|Win32
		{2C5EB367-1953-443A-A332-C82BE1A55A9C}.Release|Win32.Build.0 = Release|Win32
		{9DC3C612-5E09-4040-90F1-08AD3593557E}.Debug|Win32.ActiveCfg = Debug|Win32
		{9DC3C612-5E09-4040-90F1-08AD3593557E}.Debug|Win32.Build.0 = Debug|Win32
		{9DC3C612-5E09-4040-90F1-08AD3593557E}.Release|Win32.ActiveCfg = Release|Win32
		{9DC3C612-5E09-4040-90F1-08AD3593557E}.Release|Win32.Build.0 = Release|Win32
		{F85B9FE0-3325-4381-9179-B3F016084B33}.Debug|Win32.ActiveCfg = Debug|Win32
		{F85B9FE0-3325-4381-9179-B3F016084B33}.Debug|Win32.Build.0 = Debug|Win32
		{F85B9FE0-3325-4381-9179-B3F016084B33}.Release|Win32.ActiveCfg = Release|Win32
		{F85B9FE0-3325-4381-9179-B3F016084B33}.Release|Win32.Build.0 = Release|Win32
		{82404076-3720-4C4C-B142-21CC9AB71233}.Debug|Win32.ActiveCfg = Debug|Win32
		{82404076-3720-4C4C-B142-21CC9AB71233}.Debug|Win32.Build.0 = Debug|Win32
		{82404076-3720-4C4C-B142-21CC9AB71233}.Release|Win32.ActiveCfg = Release|Win32
		{82404076-3720-4C4C-B142-21CC9AB71233}.Release|Win32.Build.0 = Release|Win32
		{1ED9ACA6-80F4-4755-AA9F-4EEFDA583171}.Debug|Win32.ActiveCfg = Debug|Win32
		{1ED9ACA6-80F4-4755-AA9F-4EEFDA583171}.Debug|Win32.Build.0 = Debug|Win32
		{1ED9ACA6-80F4-4755-AA9F-4EEFDA583171}.Release|Win32.ActiveCfg = Release|Win32
		{1ED9ACA6-80F4-4755-AA9F-4EEFDA583171}.Release|Win32.Build.0 = Release|Win32
		{5D2A6E23-174A-4775-A7A2-2DF4A20F0728}.Debug|Win32.ActiveCfg = Debug|Win32
		{5D2A6E23-174A-4775-A7A2-2DF4A20F0728}.Debug|Win32.Build.0 = Debug|Win32
		{5D2A6E23-174A-4775-A7A2-2DF4A20F0728}.Release|Win32.ActiveCfg = Release|Win32
		{5D2A6E23-174A-4775-A7A2-2DF4A20F0728}.Release|Win32.Build.0 = Release|Win32
		{F46ACAA3-F8D6-4A4A-8A01-EA9515CA0FB0}.Debug|Win32.ActiveCfg = Debug|Win32
		{F46ACAA3-F8D6-4A4A-8A01-EA9515CA0FB0}.Debug|Win32.Build.0 = Debug|Win32
		{F46ACAA3-F8D6-4A4A-8A01-EA9515CA0FB0}.Release|Win32.ActiveCfg = Release|Win32
		{F46ACAA3-F8D6-4A4A-8A01-EA9515CA0FB0}.Release|Win32.Build.0 = Release|Win32
		{72D73D84-63AF-4D74-8A20-A780EC11A669}.Debug|Win32.ActiveCfg = Debug|Win32
		{72D73D84-63AF-4D74-8A20-A780EC11A669}.Debug|Win32.Build.0 = Debug|Win32
		{72D73D84-63AF-4D74-8A20-A780EC11A669}.Release|Win32.ActiveCfg = Release|Win32
		{72D73D84-63AF-4D74-8A20-A780EC11A669}.Release|Win32.Build.0 = Release|Win32
		{5837D7CF-7C77-4ED1-822C-5663A53A7C8B}.Debug|Win32.ActiveCfg = Debug|Win32
		{5837D7CF-7C77-4ED1-822C-5663A53A7C8B}.Debug|Win32.Build.0 = Debug|Win32
		{5837D7CF-7C77-4ED1-822C-5663A53A7C8B}.Release|Win32.ActiveCfg = Release|Win32
		{5837D7CF-7C77-4ED1-822C-5663A53A7C8B}.Release|Win32.Build.0 = Release|Win32
		{3688488A-38C0-4325-B9C3-8AAD74F96E89}.Debug|Win32.ActiveCfg = Debug|Win32
		{3688488A-38C0-4325-B9C3-8AAD74F96E89}.Debug|Win32.Build.0 = Debug|Win32
		{3688488A-38C0-4325-B9C3-8AAD74F96E89}.Release|Win32.ActiveCfg = Release|Win32
		{3688488A-38C0-4325-B9C3-8AAD74F96E89}.Release|Win32.Build.0 = Release|Win32
		{E8997B59-6904-4F85-9EBD-45DB7BE3F1AB}.Debug|Win32.ActiveCfg = Debug|Win32
		{E8997B59-6904-4F85-9EBD-45DB7BE3F1AB}.Debug|Win32.Build.0 = Debug|Win32
		{E8997B59-6904-4F85-9EBD-45DB7BE3F1AB}.Release|Win32.ActiveCfg = Release|Win32
		{E8997B59-6904-4F85-9EBD-45DB7BE3F1AB}.Release|Win32.Build.0 = Release|Win32
		{973A5B39-CCF0-4EB0-B648-40063B8501F7}.Debug|Win32.ActiveCfg = Debug|Win32
		{973A5B39-CCF0-4EB0-B648-40063B8501F7}.Debug|Win32.Build.0 = Debug|Win32
		{973A5B39-CCF0-4EB0-B648-40063B8501F7}.Release|Win32.ActiveCfg = Release|Win32
		{973A5B39-CCF0-4EB0-B648-40063B8501F7}.Release|Win32.Build.0 = Release|Win32
		{7A67E099-314A-4625-B3E2-945BC0E859F4}.Debug|Win32.ActiveCfg = Debug|Win32
		{7A67E099-314A-4625-B3E2-945BC0E859F4}.Debug|Win32.Build.0 = Debug|Win32
		{7A67E099-314A-4625-B3E2-945BC0E859F4}.Release|Win32.ActiveCfg = Release|Win32
		{7A67E099-314A-4625-B3E2-945BC0E859F4}.Release|Win32.Build.0 = Release|Win32
		{8025ACA2-B718-42E5-8DF2-EBEF02672FBF}.Debug|Win32.ActiveCfg = Debug|Win32
		{8025ACA2-B718-42E5-8DF2-EBEF02672FBF}.Debug|Win32.Build.0 = Debug|Win32
		{8025ACA2-B718-42E5-8DF2-EBEF02672FBF}.Release|Win32.ActiveCfg = Release|Win32
		{8025ACA2-B718-42E5-8DF2-EBEF02672FBF}.Release|Win32.Build.0 = Release|Win32
		{7B50479F-A51A-4E28-9AB7-D0401C722DFF}.Debug|Win32.ActiveCfg = Debug|Win32
		{7B50479F-A51A-4E28-9AB7-D0401C722DFF}.Debug|Win32.Build.0 = Debug|Win32
		{7B50479F-A51A-4E28-9AB7-D0401C722DFF}.Release|Win32.ActiveCfg = Release|Win32
		{7B50479F-A51A-4E28-9AB7-D0401C722DFF}.Release|Win32.Build.0 = Release|Win32
		{1FDDED38-9E78-44F6-BEA4-3A37719EF005}.Debug|Win32.ActiveCfg = Debug|Win32
		{1FDDED38-9E78-44F6-BEA4-3A37719EF005}.Debug|Win32.Build.0 = Debug|Win32
		{1FDDED38-9E78-44F6-BEA4-3A37719EF005}.Release|Win32.ActiveCfg = Release|Win32
		{1FDDED38-9E78-44F6-BEA4-3A37719EF005}.Release|Win32.Build.0 = Release|Win32
		{843D9088-9A2B-4425-9F42-24844A65F853}.Debug|Win32.ActiveCfg = Debug|Win32
		{843D9088-9A2B-4425-9F42-24844A65F853}.Debug|Win32.Build.0 = Debug|Win32
		{843D9088-9A2B-4425-9F42-24844A65F853}.Release|Win32.ActiveCfg = Release|Win32
		{843D9088-9A2B-4425-9F42-24844A65F853}.Release|Win32.Build.0 = Release|Win32
		{7726911B-5E9F-4844-B2B6-FBE4799D9019}.Debug|Win32.ActiveCfg = Debug|Win32
		{7726911B-5E9F-4844-B2B6-FBE4799D9019}.Debug|Win32.Build.0 = Debug|Win32
		{7726911B-5E9F-4844-B2B6-FBE4799D9019}.Release|Win32.ActiveCfg = Release|Win32
		{7726911B-5E9F-4844-B2B6-FBE4799D9019}.Release|Win32.Build.0 = Release|Win32
		{269F8745-AECB-400C-B631-8F08DA5A6DB8}.Debug|Win32.ActiveCfg = Debug|Win32
		{269F8745-AECB-400C-B631-8F08DA5A6DB8}.Debug|Win32.Build.0 = Debug|Win32
		{269F8745-AECB-400C-B631-8F08DA5A6DB8}.Release|Win32.ActiveCfg = Release|Win32
		{269F8745-AECB-400C-B631-8F08DA5A6DB8}.Release|Win32.Build.0 = Release|Win32
		{090780C4-5480-447B-A753-A06908FB407C}.Debug|Win32.ActiveCfg = Debug|Win32
		{090780C4-5480-447B-A753-A06908FB407C}.Debug|Win32.Build.0 = Debug|Win32
		{090780C4-5480-447B-A753-A06908FB407C}.Release|Win32.ActiveCfg = Release|Win32
		{090780C4-5480-447B-A753-A06908FB407C}.Release|Win32.Build.0 = Release|Win32
		{260C143E-1019-4150-82F6-44EDCAFD6CCC}.Debug|Win32.ActiveCfg = Debug|Win32
		{260C143E-1019-4150-82F6-44EDCAFD6CCC}.Debug|Win32.Build.0 = Debug|Win32
		{260C143E-1019-4150-82F6-44EDCAFD6CCC}.Release|Win32.ActiveCfg = Release|Win32
		{260C143E-1019-4150-82F6-44EDCAFD6CCC}.Release|Win32.Build.0 = Release|Win32
		{8F8B58D4-DAC3-44B0-8459-8BBC1D0E154A}.Debug|Win32.ActiveCfg = Debug|Win32
		{8F8B58D4-DAC3-44B0-8459-8BBC1D0E154A}.Debug|Win32.Build.0 = Debug|Win32
		{8F8B58D4-DAC3-44B0-8459-8BBC1D0E154A}.Release|Win32.ActiveCfg = Release|Win32
		{8F8B58D4-DAC3-44B0-8459-8BBC1D0E154A}.Release|Win32.Build.0 = Release|Win32
		{F1E0FF36-DAAE-44B8-A105-EF2124F2C134}.Debug|Win32.ActiveCfg = Debug|Win32
		{F1E0FF36-DAAE-44B8-A105-EF2124F2C134}.Debug|Win32.Build.0 = Debug|Win32
		{F1E0FF36-DAAE-44B8-A105-EF2124F2C134}.Release|Win32.ActiveCfg = Release|Win32
		{F1E0FF36-DAAE-44B8-A105-EF2124F2C134}.Release|Win32.Build.0 = Release|Win32
		{D1E4DD48-BA5F-4844-9B97-806DB14AF1DD}.Debug|Win32.ActiveCfg = Debug|Win32
		{D1E4DD48-BA5F-4844-9B97-806DB14AF1DD}.Debug|Win32.Build.0 = Debug|Win32
		{D1E4DD48-BA5F-4844-9B97-806DB14AF1DD}.Release|Win32.ActiveCfg = Release|Win32
		{D1E4DD48-BA5F-4844-9B97-806DB14AF1DD}.Release|Win32.Build.0 = Release|Win32
		{AADCDAE4-9335-40FE-BE50-1D6E0D56FFF3}.Debug|Win32.ActiveCfg = Debug|Win32
		{AADCDAE4-9335-40FE-BE50-1D6E0D56FFF3}.Debug|Win32.Build.0 = Debug|Win32
		{AADCDAE4-9335-40FE-BE50-1D6E0D56FFF3}.Release|Win32.ActiveCfg = Release|Win32
		{AADCDAE4-9335-40FE-BE50-1D6E0D56FFF3}.Release|Win32.Build.0 = Release|Win32
		{6F8127FB-531F-486D-8053-8441A2EB7F18}.Debug|Win32.ActiveCfg = Debug|Win32
		{6F8127FB-531F-486D-8053-8441A2EB7F18}.Debug|Win32.Build.0 = Debug|Win32
		{6F8127FB-531F-486D-8053-8441A2EB7F18}.Release|Win32.ActiveCfg = Release|Win32
		{6F8127FB-531F-486D-8053-8441A2EB7F18}.Release|Win32.Build.0 = Release|Win32
		{B81634E0-C3BD-43E7-8B1C-D2E1CC676322}.Debug|Win32.ActiveCfg = Debug|Win32
		{B81634E0-C3BD-43E7-8B1C-D2E1CC676322}.Debug|Win32.Build.0 = Debug|Win32
		{B81634E0-C3BD-43E7-8B1C-D2E1CC676322}.Release|Win32.ActiveCfg = Release|Win32
		{B81634E0-C3BD-43E7-8B1C-D2E1CC676322}.Release|Win32.Build.0 = Release|Win32
		{A93D2275-8ADB-45EE-83A6-92EB4E1E6E15}.Debug|Win32.ActiveCfg = Debug|Win32
		{A93D2275-8ADB-45EE-83A6-92EB4E1E6E15}.Debug|Win32.Build.0 = Debug|Win32
		{A93D2275-8ADB-45EE-83A6-92EB4E1E6E15}.Release|Win32.ActiveCfg = Release|Win32
		{A93D2275-8ADB-45EE-83A6-92EB4E1E6E15}.Release|Win32.Build.0 = Release|Win32
		{740D1ED4-18CB-42CC-A8E1-AA6D35E76E06}.Debug|Win32.ActiveCfg = Debug|Win32
		{740D1ED4-18CB-42CC-A8E1-AA6D35E76E06}.Debug|Win32.Build.0 = Debug|Win32
		{740D1ED4-18CB-42CC-A8E1-AA6D35E76E06}.Release|Win32.ActiveCfg = Release|Win32
		{740D1ED4-18CB-42CC-A8E1-AA6D35E76E06}.Release|Win32.Build.0 = Release|Win32
		{03A562E1-6751-45AB-9FCA-68FF4B41713E}.Debug|Win32.ActiveCfg = Debug|Win32
		{03A562E1-6751-45AB-9FCA-68FF4B41713E}.Debug|Win32.Build.0 = Debug|Win32
		{03A562E1-6751-45AB-9FCA-68FF4B41713E}.Release|Win32.ActiveCfg = Release|Win32
		{03A562E1-6751-45AB-9FCA-68FF4B41713E}.Release|Win32.Build.0 = Release|Win32
		{D3AC2A4E-FB58-4C6E-95CB-E34CCA0FB7EF}.Debug|Win32.ActiveCfg = Debug|Win32
		{D3AC2A4E-FB58-4C6E-95CB-E34CCA0FB7EF}.Debug|Win32.Build.0 = Debug|Win32
		{D3AC2A4E-FB58-4C6E-95CB-E34CCA0FB7EF}.Release|Win32.ActiveCfg = Release|Win32
		{D3AC2A4E-FB58-4C6E-95CB-E34CCA0FB7EF}.Release|Win32.Build.0 = Release|Win32
		{8631D17F-D9AB-44B6-A1E7-4B6DC92FECB3}.Debug|Win32.ActiveCfg = Debug|Win32
		{8631D17F-D9AB-44B6-A1E7-4B6DC92FECB3}.Debug|Win32.Build.0 = Debug|Win32
		{8631D17F-D9AB-44B6-A1E7-4B6DC92FECB3}.Release|Win32.ActiveCfg = Release|Win32
		{8631D17F-D9AB-44B6-A1E7-4B6DC92FECB3}.Release|Win32.Build.0 = Release|Win32
		{9F425FEC-D51A-4886-A75E-18BEEC7DD4BF}.Debug|Win32.ActiveCfg = Debug|Win32
		{9F425FEC-D51A-4886-A75E-18BEEC7DD4BF}.Debug|Win32.Build.0 = Debug|Win32
		{9F425FEC-D51A-4886-A75E-18BEEC7DD4BF}.Release|Win32.ActiveCfg = Release|Win32
		{9F425FEC-D51A-4886-A75E-18BEEC7DD4BF}.Release|Win32.Build.0 = Release|Win32
	EndGlobalSection
	GlobalSection(SolutionProperties) = preSolution
		HideSolutionNode = FALSE
	EndGlobalSection
EndGlobal
