
Microsoft Visual Studio Solution File, Format Version 12.00
# Visual Studio Express 2012 for Windows Desktop
Project("{8BC9CEB8-8B4A-11D0-8D11-00A0C91BC942}") = "20180911Hello", "20180911Hello\20180911Hello.vcxproj", "{61E6FA43-6BFB-4F61-A853-A395340AA447}"
EndProject
Project("{8BC9CEB8-8B4A-11D0-8D11-00A0C91BC942}") = "20180911Hello2", "20180911Hello2\20180911Hello2.vcxproj", "{B4155740-3A65-4DEF-A80E-C1273DC95002}"
EndProject
Project("{8BC9CEB8-8B4A-11D0-8D11-00A0C91BC942}") = "20181002변수자료형", "20181002변수자료형\20181002변수자료형.vcxproj", "{18F0123B-B08F-4FDE-9401-AAB9B98BE3FA}"
EndProject
Project("{8BC9CEB8-8B4A-11D0-8D11-00A0C91BC942}") = "20181002변수", "20181002변수\20181002변수.vcxproj", "{2C5EB367-1953-443A-A332-C82BE1A55A9C}"
EndProject
Project("{8BC9CEB8-8B4A-11D0-8D11-00A0C91BC942}") = "HW1-1", "HW1-1\HW1-1.vcxproj", "{9DC3C612-5E09-4040-90F1-08AD3593557E}"
EndProject
Project("{8BC9CEB8-8B4A-11D0-8D11-00A0C91BC942}") = "HW1-2", "HW1-2\HW1-2.vcxproj", "{F85B9FE0-3325-4381-9179-B3F016084B33}"
EndProject
Project("{8BC9CEB8-8B4A-11D0-8D11-00A0C91BC942}") = "HW1-3", "HW1-3\HW1-3.vcxproj", "{82404076-3720-4C4C-B142-21CC9AB71233}"
EndProject
Project("{8BC9CEB8-8B4A-11D0-8D11-00A0C91BC942}") = "HW1-4", "HW1-4\HW1-4.vcxproj", "{1ED9ACA6-80F4-4755-AA9F-4EEFDA583171}"
EndProject
Project("{8BC9CEB8-8B4A-11D0-8D11-00A0C91BC942}") = "HW1-5", "HW1-5\HW1-5.vcxproj", "{5D2A6E23-174A-4775-A7A2-2DF4A20F0728}"
EndProject
Project("{8BC9CEB8-8B4A-11D0-8D11-00A0C91BC942}") = "20181016loop", "20181016loop\20181016loop.vcxproj", "{F46ACAA3-F8D6-4A4A-8A01-EA9515CA0FB0}"
EndProject
Global
	GlobalSection(SolutionConfigurationPlatforms) = preSolution
		Debug|Win32 = Debug|Win32
		Release|Win32 = Release|Win32
	EndGlobalSection
	GlobalSection(ProjectConfigurationPlatforms) = postSolution
		{61E6FA43-6BFB-4F61-A853-A395340AA447}.Debug|Win32.ActiveCfg = Debug|Win32
		{61E6FA43-6BFB-4F61-A853-A395340AA447}.Debug|Win32.Build.0 = Debug|Win32
		{61E6FA43-6BFB-4F61-A853-A395340AA447}.Release|Win32.ActiveCfg = Release|Win32
		{61E6FA43-6BFB-4F61-A853-A395340AA447}.Release|Win32.Build.0 = Release|Win32
		{B4155740-3A65-4DEF-A80E-C1273DC95002}.Debug|Win32.ActiveCfg = Debug|Win32
		{B4155740-3A65-4DEF-A80E-C1273DC95002}.Debug|Win32.Build.0 = Debug|Win32
		{B4155740-3A65-4DEF-A80E-C1273DC95002}.Release|Win32.ActiveCfg = Release|Win32
		{B4155740-3A65-4DEF-A80E-C1273DC95002}.Release|Win32.Build.0 = Release|Win32
		{18F0123B-B08F-4FDE-9401-AAB9B98BE3FA}.Debug|Win32.ActiveCfg = Debug|Win32
		{18F0123B-B08F-4FDE-9401-AAB9B98BE3FA}.Debug|Win32.Build.0 = Debug|Win32
		{18F0123B-B08F-4FDE-9401-AAB9B98BE3FA}.Release|Win32.ActiveCfg = Release|Win32
		{18F0123B-B08F-4FDE-9401-AAB9B98BE3FA}.Release|Win32.Build.0 = Release|Win32
		{2C5EB367-1953-443A-A332-C82BE1A55A9C}.Debug|Win32.ActiveCfg = Debug|Win32
		{2C5EB367-1953-443A-A332-C82BE1A55A9C}.Debug|Win32.Build.0 = Debug|Win32
		{2C5EB367-1953-443A-A332-C82BE1A55A9C}.Release|Win32.ActiveCfg = Release|Win32
		{2C5EB367-1953-443A-A332-C82BE1A55A9C}.Release|Win32.Build.0 = Release|Win32
		{9DC3C612-5E09-4040-90F1-08AD3593557E}.Debug|Win32.ActiveCfg = Debug|Win32
		{9DC3C612-5E09-4040-90F1-08AD3593557E}.Debug|Win32.Build.0 = Debug|Win32
		{9DC3C612-5E09-4040-90F1-08AD3593557E}.Release|Win32.ActiveCfg = Release|Win32
		{9DC3C612-5E09-4040-90F1-08AD3593557E}.Release|Win32.Build.0 = Release|Win32
		{F85B9FE0-3325-4381-9179-B3F016084B33}.Debug|Win32.ActiveCfg = Debug|Win32
		{F85B9FE0-3325-4381-9179-B3F016084B33}.Debug|Win32.Build.0 = Debug|Win32
		{F85B9FE0-3325-4381-9179-B3F016084B33}.Release|Win32.ActiveCfg = Release|Win32
		{F85B9FE0-3325-4381-9179-B3F016084B33}.Release|Win32.Build.0 = Release|Win32
		{82404076-3720-4C4C-B142-21CC9AB71233}.Debug|Win32.ActiveCfg = Debug|Win32
		{82404076-3720-4C4C-B142-21CC9AB71233}.Debug|Win32.Build.0 = Debug|Win32
		{82404076-3720-4C4C-B142-21CC9AB71233}.Release|Win32.ActiveCfg = Release|Win32
		{82404076-3720-4C4C-B142-21CC9AB71233}.Release|Win32.Build.0 = Release|Win32
		{1ED9ACA6-80F4-4755-AA9F-4EEFDA583171}.Debug|Win32.ActiveCfg = Debug|Win32
		{1ED9ACA6-80F4-4755-AA9F-4EEFDA583171}.Debug|Win32.Build.0 = Debug|Win32
		{1ED9ACA6-80F4-4755-AA9F-4EEFDA583171}.Release|Win32.ActiveCfg = Release|Win32
		{1ED9ACA6-80F4-4755-AA9F-4EEFDA583171}.Release|Win32.Build.0 = Release|Win32
		{5D2A6E23-174A-4775-A7A2-2DF4A20F0728}.Debug|Win32.ActiveCfg = Debug|Win32
		{5D2A6E23-174A-4775-A7A2-2DF4A20F0728}.Debug|Win32.Build.0 = Debug|Win32
		{5D2A6E23-174A-4775-A7A2-2DF4A20F0728}.Release|Win32.ActiveCfg = Release|Win32
		{5D2A6E23-174A-4775-A7A2-2DF4A20F0728}.Release|Win32.Build.0 = Release|Win32
		{F46ACAA3-F8D6-4A4A-8A01-EA9515CA0FB0}.Debug|Win32.ActiveCfg = Debug|Win32
		{F46ACAA3-F8D6-4A4A-8A01-EA9515CA0FB0}.Debug|Win32.Build.0 = Debug|Win32
		{F46ACAA3-F8D6-4A4A-8A01-EA9515CA0FB0}.Release|Win32.ActiveCfg = Release|Win32
		{F46ACAA3-F8D6-4A4A-8A01-EA9515CA0FB0}.Release|Win32.Build.0 = Release|Win32
	EndGlobalSection
	GlobalSection(SolutionProperties) = preSolution
		HideSolutionNode = FALSE
	EndGlobalSection
EndGlobal
